hash: 97943008619804cb7e50eb85e41909a45b34263529d8ec80cbeb767be33dcc80
updated: 2018-02-01T22:31:37.124229308+08:00
imports:
- name: github.com/fsnotify/fsnotify
  version: c2828203cd70a50dcccfb2761f8b1f8ceef9a8e9
- name: github.com/go-sql-driver/mysql
  version: a0583e0143b1624142adab07e0e97fe106d99561
- name: github.com/hashicorp/hcl
  version: 23c074d0eceb2b8a5bfdbb271ab780cde70f05a8
  subpackages:
  - hcl/ast
  - hcl/parser
  - hcl/scanner
  - hcl/strconv
  - hcl/token
  - json/parser
  - json/scanner
  - json/token
- name: github.com/inconshreveable/mousetrap
  version: 76626ae9c91c4f2a10f34cad8ce83ea42c93bb75
- name: github.com/jinzhu/gorm
  version: 5174cc5c242a728b435ea2be8a2f7f998e15429b
- name: github.com/jinzhu/inflection
  version: 1c35d901db3da928c72a72d8458480cc9ade058f
- name: github.com/lib/pq
  version: 83612a56d3dd153a94a629cd64925371c9adad78
  subpackages:
  - oid
- name: github.com/magiconair/properties
  version: 49d762b9817ba1c2e9d0c69183c2b4a8b8f1d934
- name: github.com/mattn/go-sqlite3
  version: 6c771bb9887719704b210e87e934f08be014bdb1
- name: github.com/mitchellh/mapstructure
  version: 06020f85339e21b2478f756a78e295255ffa4d6a
- name: github.com/moul/http2curl
  version: 9ac6cf4d929b2fa8fd2d2e6dec5bb0feb4f4911d
- name: github.com/parnurzeal/gorequest
  version: a578a48e8d6ca8b01a3b18314c43c6716bb5f5a3
- name: github.com/pelletier/go-toml
  version: 0131db6d737cfbbfb678f8b7d92e55e27ce46224
- name: github.com/pkg/errors
  version: e881fd58d78e04cf6d0de1217f8707c8cc2249bc
- name: github.com/spf13/afero
  version: 57afd63c68602b63ed976de00dd066ccb3c319db
  subpackages:
  - mem
- name: github.com/spf13/cast
  version: acbeb36b902d72a7a4c18e8f3241075e7ab763e4
- name: github.com/spf13/cobra
  version: 7b2c5ac9fc04fc5efafb60700713d4fa609b777b
- name: github.com/spf13/jwalterweatherman
  version: 7c0cea34c8ece3fbeb2b27ab9b59511d360fb394
- name: github.com/spf13/pflag
  version: 4c012f6dcd9546820e378d0bdda4d8fc772cdfea
- name: github.com/spf13/viper
  version: 25b30aa063fc18e48662b86996252eabdcf2f0c7
- name: github.com/tosone/logging
  version: 015eb1d0fe2a14cd62fe69346b87b8fe52d111c9
- name: github.com/Unknwon/com
  version: 28b053d5a2923b87ce8c5a08f3af779894a72758
- name: golang.org/x/net
  version: 434ec0c7fe3742c984919a691b2018a6e9694425
  subpackages:
  - publicsuffix
- name: golang.org/x/sys
  version: e24f485414aeafb646f6fca458b0bf869c0880a1
  subpackages:
  - unix
- name: golang.org/x/text
  version: e19ae1496984b1c655b8044a65c0300a3c878dd3
  subpackages:
  - transform
  - unicode/norm
- name: gopkg.in/natefinch/lumberjack.v2
  version: a96e63847dc3c67d17befa69c303767e2f84e54f
- name: gopkg.in/yaml.v2
  version: d670f9405373e636a5a2765eea47fac0c9bc91a4
testImports: []
